{
    "_meta": {
        "hash": {
            "sha256": "66c9a3c1d8948e6c0a96bc1db43b2a9445c2d1294a4e337ac120dcd7f8f69638"
        },
        "pipfile-spec": 6,
        "requires": {
            "python_version": "3.5"
        },
        "sources": [
            {
                "name": "pypi",
                "url": "https://pypi.org/simple",
                "verify_ssl": true
            }
        ]
    },
    "default": {
        "peewee": {
            "hashes": [
                "sha256:a91c3ccff43ab71f08196aba1d17dd2548079744d54adc33d511db1c30b446ba"
            ],
            "index": "pypi",
            "version": "==3.7.1"
        },
        "pyserial": {
            "hashes": [
                "sha256:e0770fadba80c31013896c7e6ef703f72e7834965954a78e71a3049488d4d7d8"
            ],
            "index": "pypi",
            "version": "==3.4"
        }
    },
    "develop": {}
}
